
Microsoft Visual Studio Solution File, Format Version 12.00
# Visual Studio 15
VisualStudioVersion = 15.0.28307.705
MinimumVisualStudioVersion = 10.0.40219.1
Project("{FAE04EC0-301F-11D3-BF4B-00C04F79EFBC}") = "Vista", "TrabajoFinalAvanzadonet\Vista.csproj", "{3576FBE7-6BBB-46E1-8F10-5D453636A852}"
EndProject
Project("{FAE04EC0-301F-11D3-BF4B-00C04F79EFBC}") = "MODELO", "MODELO\MODELO.csproj", "{5E4E14CB-10BB-4752-8F5A-AF9A9B796AEE}"
EndProject
Project("{FAE04EC0-301F-11D3-BF4B-00C04F79EFBC}") = "CONTROLADOR", "CONTROLADOR\CONTROLADOR.csproj", "{64D4E9D2-34AA-489F-9C54-3B3169D68E75}"
EndProject
Global
	GlobalSection(SolutionConfigurationPlatforms) = preSolution
		Debug|Any CPU = Debug|Any CPU
		Release|Any CPU = Release|Any CPU
	EndGlobalSection
	GlobalSection(ProjectConfigurationPlatforms) = postSolution
		{3576FBE7-6BBB-46E1-8F10-5D453636A852}.Debug|Any CPU.ActiveCfg = Debug|Any CPU
		{3576FBE7-6BBB-46E1-8F10-5D453636A852}.Debug|Any CPU.Build.0 = Debug|Any CPU
		{3576FBE7-6BBB-46E1-8F10-5D453636A852}.Release|Any CPU.ActiveCfg = Release|Any CPU
		{3576FBE7-6BBB-46E1-8F10-5D453636A852}.Release|Any CPU.Build.0 = Release|Any CPU
		{5E4E14CB-10BB-4752-8F5A-AF9A9B796AEE}.Debug|Any CPU.ActiveCfg = Debug|Any CPU
		{5E4E14CB-10BB-4752-8F5A-AF9A9B796AEE}.Debug|Any CPU.Build.0 = Debug|Any CPU
		{5E4E14CB-10BB-4752-8F5A-AF9A9B796AEE}.Release|Any CPU.ActiveCfg = Release|Any CPU
		{5E4E14CB-10BB-4752-8F5A-AF9A9B796AEE}.Release|Any CPU.Build.0 = Release|Any CPU
		{64D4E9D2-34AA-489F-9C54-3B3169D68E75}.Debug|Any CPU.ActiveCfg = Debug|Any CPU
		{64D4E9D2-34AA-489F-9C54-3B3169D68E75}.Debug|Any CPU.Build.0 = Debug|Any CPU
		{64D4E9D2-34AA-489F-9C54-3B3169D68E75}.Release|Any CPU.ActiveCfg = Release|Any CPU
		{64D4E9D2-34AA-489F-9C54-3B3169D68E75}.Release|Any CPU.Build.0 = Release|Any CPU
	EndGlobalSection
	GlobalSection(SolutionProperties) = preSolution
		HideSolutionNode = FALSE
	EndGlobalSection
	GlobalSection(ExtensibilityGlobals) = postSolution
		SolutionGuid = {69445B60-1444-4B2C-829A-23E352B664F1}
	EndGlobalSection
EndGlobal
